
Microsoft Visual Studio Solution File, Format Version 12.00
# Visual Studio 15
VisualStudioVersion = 15.0.28010.2050
MinimumVisualStudioVersion = 10.0.40219.1
Project("{8BC9CEB8-8B4A-11D0-8D11-00A0C91BC942}") = "Large Factorials", "Large Factorials\Large Factorials.vcxproj", "{59529C5C-27FD-4E80-A475-C4B16DA57CDF}"
EndProject
Global
	GlobalSection(SolutionConfigurationPlatforms) = preSolution
		Debug|x64 = Debug|x64
		Debug|x86 = Debug|x86
		Release|x64 = Release|x64
		Release|x86 = Release|x86
	EndGlobalSection
	GlobalSection(ProjectConfigurationPlatforms) = postSolution
		{59529C5C-27FD-4E80-A475-C4B16DA57CDF}.Debug|x64.ActiveCfg = Debug|x64
		{59529C5C-27FD-4E80-A475-C4B16DA57CDF}.Debug|x64.Build.0 = Debug|x64
		{59529C5C-27FD-4E80-A475-C4B16DA57CDF}.Debug|x86.ActiveCfg = Debug|Win32
		{59529C5C-27FD-4E80-A475-C4B16DA57CDF}.Debug|x86.Build.0 = Debug|Win32
		{59529C5C-27FD-4E80-A475-C4B16DA57CDF}.Release|x64.ActiveCfg = Release|x64
		{59529C5C-27FD-4E80-A475-C4B16DA57CDF}.Release|x64.Build.0 = Release|x64
		{59529C5C-27FD-4E80-A475-C4B16DA57CDF}.Release|x86.ActiveCfg = Release|Win32
		{59529C5C-27FD-4E80-A475-C4B16DA57CDF}.Release|x86.Build.0 = Release|Win32
	EndGlobalSection
	GlobalSection(SolutionProperties) = preSolution
		HideSolutionNode = FALSE
	EndGlobalSection
	GlobalSection(ExtensibilityGlobals) = postSolution
		SolutionGuid = {2B01B825-7021-4F99-8139-7DA466CFA094}
	EndGlobalSection
EndGlobal
