
Microsoft Visual Studio Solution File, Format Version 12.00
# Visual Studio 15
VisualStudioVersion = 15.0.28307.489
MinimumVisualStudioVersion = 10.0.40219.1
Project("{8BC9CEB8-8B4A-11D0-8D11-00A0C91BC942}") = "Problema tricolorului", "Problema tricolorului\Problema tricolorului.vcxproj", "{3FDADE17-55BB-4C1A-8EA6-5CF99249E193}"
EndProject
Global
	GlobalSection(SolutionConfigurationPlatforms) = preSolution
		Debug|x64 = Debug|x64
		Debug|x86 = Debug|x86
		Release|x64 = Release|x64
		Release|x86 = Release|x86
	EndGlobalSection
	GlobalSection(ProjectConfigurationPlatforms) = postSolution
		{3FDADE17-55BB-4C1A-8EA6-5CF99249E193}.Debug|x64.ActiveCfg = Debug|x64
		{3FDADE17-55BB-4C1A-8EA6-5CF99249E193}.Debug|x64.Build.0 = Debug|x64
		{3FDADE17-55BB-4C1A-8EA6-5CF99249E193}.Debug|x86.ActiveCfg = Debug|Win32
		{3FDADE17-55BB-4C1A-8EA6-5CF99249E193}.Debug|x86.Build.0 = Debug|Win32
		{3FDADE17-55BB-4C1A-8EA6-5CF99249E193}.Release|x64.ActiveCfg = Release|x64
		{3FDADE17-55BB-4C1A-8EA6-5CF99249E193}.Release|x64.Build.0 = Release|x64
		{3FDADE17-55BB-4C1A-8EA6-5CF99249E193}.Release|x86.ActiveCfg = Release|Win32
		{3FDADE17-55BB-4C1A-8EA6-5CF99249E193}.Release|x86.Build.0 = Release|Win32
	EndGlobalSection
	GlobalSection(SolutionProperties) = preSolution
		HideSolutionNode = FALSE
	EndGlobalSection
	GlobalSection(ExtensibilityGlobals) = postSolution
		SolutionGuid = {F824E4E0-F171-4CEB-86C4-1727BB6378E3}
	EndGlobalSection
EndGlobal
