
Microsoft Visual Studio Solution File, Format Version 12.00
# Visual Studio 15
VisualStudioVersion = 15.0.28307.271
MinimumVisualStudioVersion = 10.0.40219.1
Project("{8BC9CEB8-8B4A-11D0-8D11-00A0C91BC942}") = "StressedOut Clock", "StressedOut Clock\StressedOut Clock.vcxproj", "{4DDAEEE1-5879-4584-9072-8360A4B8BAAE}"
EndProject
Global
	GlobalSection(SolutionConfigurationPlatforms) = preSolution
		Debug|x64 = Debug|x64
		Debug|x86 = Debug|x86
		Release|x64 = Release|x64
		Release|x86 = Release|x86
	EndGlobalSection
	GlobalSection(ProjectConfigurationPlatforms) = postSolution
		{4DDAEEE1-5879-4584-9072-8360A4B8BAAE}.Debug|x64.ActiveCfg = Debug|x64
		{4DDAEEE1-5879-4584-9072-8360A4B8BAAE}.Debug|x64.Build.0 = Debug|x64
		{4DDAEEE1-5879-4584-9072-8360A4B8BAAE}.Debug|x86.ActiveCfg = Debug|Win32
		{4DDAEEE1-5879-4584-9072-8360A4B8BAAE}.Debug|x86.Build.0 = Debug|Win32
		{4DDAEEE1-5879-4584-9072-8360A4B8BAAE}.Release|x64.ActiveCfg = Release|x64
		{4DDAEEE1-5879-4584-9072-8360A4B8BAAE}.Release|x64.Build.0 = Release|x64
		{4DDAEEE1-5879-4584-9072-8360A4B8BAAE}.Release|x86.ActiveCfg = Release|Win32
		{4DDAEEE1-5879-4584-9072-8360A4B8BAAE}.Release|x86.Build.0 = Release|Win32
	EndGlobalSection
	GlobalSection(SolutionProperties) = preSolution
		HideSolutionNode = FALSE
	EndGlobalSection
	GlobalSection(ExtensibilityGlobals) = postSolution
		SolutionGuid = {26909C9C-BCCD-4701-B4EE-F75AE3E07D91}
	EndGlobalSection
EndGlobal
