
Microsoft Visual Studio Solution File, Format Version 12.00
# Visual Studio 15
VisualStudioVersion = 15.0.28307.489
MinimumVisualStudioVersion = 10.0.40219.1
Project("{8BC9CEB8-8B4A-11D0-8D11-00A0C91BC942}") = "Tema 2) 25.03.2019", "Tema 2) 25.03.2019\Tema 2) 25.03.2019.vcxproj", "{D7DBA7C1-D1C1-4E2C-8013-8101C484BE81}"
EndProject
Global
	GlobalSection(SolutionConfigurationPlatforms) = preSolution
		Debug|x64 = Debug|x64
		Debug|x86 = Debug|x86
		Release|x64 = Release|x64
		Release|x86 = Release|x86
	EndGlobalSection
	GlobalSection(ProjectConfigurationPlatforms) = postSolution
		{D7DBA7C1-D1C1-4E2C-8013-8101C484BE81}.Debug|x64.ActiveCfg = Debug|x64
		{D7DBA7C1-D1C1-4E2C-8013-8101C484BE81}.Debug|x64.Build.0 = Debug|x64
		{D7DBA7C1-D1C1-4E2C-8013-8101C484BE81}.Debug|x86.ActiveCfg = Debug|Win32
		{D7DBA7C1-D1C1-4E2C-8013-8101C484BE81}.Debug|x86.Build.0 = Debug|Win32
		{D7DBA7C1-D1C1-4E2C-8013-8101C484BE81}.Release|x64.ActiveCfg = Release|x64
		{D7DBA7C1-D1C1-4E2C-8013-8101C484BE81}.Release|x64.Build.0 = Release|x64
		{D7DBA7C1-D1C1-4E2C-8013-8101C484BE81}.Release|x86.ActiveCfg = Release|Win32
		{D7DBA7C1-D1C1-4E2C-8013-8101C484BE81}.Release|x86.Build.0 = Release|Win32
	EndGlobalSection
	GlobalSection(SolutionProperties) = preSolution
		HideSolutionNode = FALSE
	EndGlobalSection
	GlobalSection(ExtensibilityGlobals) = postSolution
		SolutionGuid = {41AB0CD8-A16D-495E-B366-F98AF2CCC9BE}
	EndGlobalSection
EndGlobal
