
Microsoft Visual Studio Solution File, Format Version 12.00
# Visual Studio 15
VisualStudioVersion = 15.0.27428.2015
MinimumVisualStudioVersion = 10.0.40219.1
Project("{8BC9CEB8-8B4A-11D0-8D11-00A0C91BC942}") = "ConsoleApplication1", "ConsoleApplication1\ConsoleApplication1.vcxproj", "{A4FBAE7D-5B22-410A-8ADD-7E73C0D67B59}"
EndProject
Global
	GlobalSection(SolutionConfigurationPlatforms) = preSolution
		Debug|x64 = Debug|x64
		Debug|x86 = Debug|x86
		Release|x64 = Release|x64
		Release|x86 = Release|x86
	EndGlobalSection
	GlobalSection(ProjectConfigurationPlatforms) = postSolution
		{A4FBAE7D-5B22-410A-8ADD-7E73C0D67B59}.Debug|x64.ActiveCfg = Debug|x64
		{A4FBAE7D-5B22-410A-8ADD-7E73C0D67B59}.Debug|x64.Build.0 = Debug|x64
		{A4FBAE7D-5B22-410A-8ADD-7E73C0D67B59}.Debug|x86.ActiveCfg = Debug|Win32
		{A4FBAE7D-5B22-410A-8ADD-7E73C0D67B59}.Debug|x86.Build.0 = Debug|Win32
		{A4FBAE7D-5B22-410A-8ADD-7E73C0D67B59}.Release|x64.ActiveCfg = Release|x64
		{A4FBAE7D-5B22-410A-8ADD-7E73C0D67B59}.Release|x64.Build.0 = Release|x64
		{A4FBAE7D-5B22-410A-8ADD-7E73C0D67B59}.Release|x86.ActiveCfg = Release|Win32
		{A4FBAE7D-5B22-410A-8ADD-7E73C0D67B59}.Release|x86.Build.0 = Release|Win32
	EndGlobalSection
	GlobalSection(SolutionProperties) = preSolution
		HideSolutionNode = FALSE
	EndGlobalSection
	GlobalSection(ExtensibilityGlobals) = postSolution
		SolutionGuid = {DD481585-F3D4-427B-BC03-17ED96D3E317}
	EndGlobalSection
EndGlobal
